// !$*UTF8*$!
{
	archiveVersion = 1;
	classes = {
	};
	objectVersion = 50;
	objects = {

/* Begin PBXBuildFile section */
		C64BECDA23555CAE004D17FE /* Wallet launcher.app in Embed Watch Content */ = {isa = PBXBuildFile; fileRef = C64BECD923555CAE004D17FE /* Wallet launcher.app */; settings = {ATTRIBUTES = (RemoveHeadersOnCopy, ); }; };
		C64BECE023555CAE004D17FE /* Interface.storyboard in Resources */ = {isa = PBXBuildFile; fileRef = C64BECDE23555CAE004D17FE /* Interface.storyboard */; };
		C64BECE223555CB0004D17FE /* Assets.xcassets in Resources */ = {isa = PBXBuildFile; fileRef = C64BECE123555CB0004D17FE /* Assets.xcassets */; };
		C64BECE923555CB1004D17FE /* SchemeLauncher WatchKit Extension.appex in Embed App Extensions */ = {isa = PBXBuildFile; fileRef = C64BECE823555CB1004D17FE /* SchemeLauncher WatchKit Extension.appex */; settings = {ATTRIBUTES = (RemoveHeadersOnCopy, ); }; };
		C64BECEE23555CB1004D17FE /* InterfaceController.swift in Sources */ = {isa = PBXBuildFile; fileRef = C64BECED23555CB1004D17FE /* InterfaceController.swift */; };
		C64BECF023555CB1004D17FE /* ExtensionDelegate.swift in Sources */ = {isa = PBXBuildFile; fileRef = C64BECEF23555CB1004D17FE /* ExtensionDelegate.swift */; };
		C64BECF223555CB1004D17FE /* ComplicationController.swift in Sources */ = {isa = PBXBuildFile; fileRef = C64BECF123555CB1004D17FE /* ComplicationController.swift */; };
		C64BECF423555CB1004D17FE /* Assets.xcassets in Resources */ = {isa = PBXBuildFile; fileRef = C64BECF323555CB1004D17FE /* Assets.xcassets */; };
/* End PBXBuildFile section */

/* Begin PBXContainerItemProxy section */
		C64BECDB23555CAE004D17FE /* PBXContainerItemProxy */ = {
			isa = PBXContainerItemProxy;
			containerPortal = C64BECCF23555CAD004D17FE /* Project object */;
			proxyType = 1;
			remoteGlobalIDString = C64BECD823555CAE004D17FE;
			remoteInfo = "SchemeLauncher WatchKit App";
		};
		C64BECEA23555CB1004D17FE /* PBXContainerItemProxy */ = {
			isa = PBXContainerItemProxy;
			containerPortal = C64BECCF23555CAD004D17FE /* Project object */;
			proxyType = 1;
			remoteGlobalIDString = C64BECE723555CB1004D17FE;
			remoteInfo = "SchemeLauncher WatchKit Extension";
		};
/* End PBXContainerItemProxy section */

/* Begin PBXCopyFilesBuildPhase section */
		C64BECFB23555CB1004D17FE /* Embed App Extensions */ = {
			isa = PBXCopyFilesBuildPhase;
			buildActionMask = 2147483647;
			dstPath = "";
			dstSubfolderSpec = 13;
			files = (
				C64BECE923555CB1004D17FE /* SchemeLauncher WatchKit Extension.appex in Embed App Extensions */,
			);
			name = "Embed App Extensions";
			runOnlyForDeploymentPostprocessing = 0;
		};
		C64BECFF23555CB1004D17FE /* Embed Watch Content */ = {
			isa = PBXCopyFilesBuildPhase;
			buildActionMask = 2147483647;
			dstPath = "$(CONTENTS_FOLDER_PATH)/Watch";
			dstSubfolderSpec = 16;
			files = (
				C64BECDA23555CAE004D17FE /* Wallet launcher.app in Embed Watch Content */,
			);
			name = "Embed Watch Content";
			runOnlyForDeploymentPostprocessing = 0;
		};
/* End PBXCopyFilesBuildPhase section */

/* Begin PBXFileReference section */
		C64BECD523555CAE004D17FE /* SchemeLauncher.app */ = {isa = PBXFileReference; explicitFileType = wrapper.application; includeInIndex = 0; path = SchemeLauncher.app; sourceTree = BUILT_PRODUCTS_DIR; };
		C64BECD923555CAE004D17FE /* Wallet launcher.app */ = {isa = PBXFileReference; explicitFileType = wrapper.application; includeInIndex = 0; path = "Wallet launcher.app"; sourceTree = BUILT_PRODUCTS_DIR; };
		C64BECDF23555CAE004D17FE /* Base */ = {isa = PBXFileReference; lastKnownFileType = file.storyboard; name = Base; path = Base.lproj/Interface.storyboard; sourceTree = "<group>"; };
		C64BECE123555CB0004D17FE /* Assets.xcassets */ = {isa = PBXFileReference; lastKnownFileType = folder.assetcatalog; path = Assets.xcassets; sourceTree = "<group>"; };
		C64BECE323555CB0004D17FE /* Info.plist */ = {isa = PBXFileReference; lastKnownFileType = text.plist.xml; path = Info.plist; sourceTree = "<group>"; };
		C64BECE823555CB1004D17FE /* SchemeLauncher WatchKit Extension.appex */ = {isa = PBXFileReference; explicitFileType = "wrapper.app-extension"; includeInIndex = 0; path = "SchemeLauncher WatchKit Extension.appex"; sourceTree = BUILT_PRODUCTS_DIR; };
		C64BECED23555CB1004D17FE /* InterfaceController.swift */ = {isa = PBXFileReference; lastKnownFileType = sourcecode.swift; path = InterfaceController.swift; sourceTree = "<group>"; };
		C64BECEF23555CB1004D17FE /* ExtensionDelegate.swift */ = {isa = PBXFileReference; lastKnownFileType = sourcecode.swift; path = ExtensionDelegate.swift; sourceTree = "<group>"; };
		C64BECF123555CB1004D17FE /* ComplicationController.swift */ = {isa = PBXFileReference; lastKnownFileType = sourcecode.swift; path = ComplicationController.swift; sourceTree = "<group>"; };
		C64BECF323555CB1004D17FE /* Assets.xcassets */ = {isa = PBXFileReference; lastKnownFileType = folder.assetcatalog; path = Assets.xcassets; sourceTree = "<group>"; };
		C64BECF523555CB1004D17FE /* Info.plist */ = {isa = PBXFileReference; lastKnownFileType = text.plist.xml; path = Info.plist; sourceTree = "<group>"; };
/* End PBXFileReference section */

/* Begin PBXFrameworksBuildPhase section */
		C64BECE523555CB1004D17FE /* Frameworks */ = {
			isa = PBXFrameworksBuildPhase;
			buildActionMask = 2147483647;
			files = (
			);
			runOnlyForDeploymentPostprocessing = 0;
		};
/* End PBXFrameworksBuildPhase section */

/* Begin PBXGroup section */
		C64BECCE23555CAD004D17FE = {
			isa = PBXGroup;
			children = (
				C64BECDD23555CAE004D17FE /* SchemeLauncher WatchKit App */,
				C64BECEC23555CB1004D17FE /* SchemeLauncher WatchKit Extension */,
				C64BECD623555CAE004D17FE /* Products */,
			);
			sourceTree = "<group>";
		};
		C64BECD623555CAE004D17FE /* Products */ = {
			isa = PBXGroup;
			children = (
				C64BECD523555CAE004D17FE /* SchemeLauncher.app */,
				C64BECD923555CAE004D17FE /* Wallet launcher.app */,
				C64BECE823555CB1004D17FE /* SchemeLauncher WatchKit Extension.appex */,
			);
			name = Products;
			sourceTree = "<group>";
		};
		C64BECDD23555CAE004D17FE /* SchemeLauncher WatchKit App */ = {
			isa = PBXGroup;
			children = (
				C64BECDE23555CAE004D17FE /* Interface.storyboard */,
				C64BECE123555CB0004D17FE /* Assets.xcassets */,
				C64BECE323555CB0004D17FE /* Info.plist */,
			);
			path = "SchemeLauncher WatchKit App";
			sourceTree = "<group>";
		};
		C64BECEC23555CB1004D17FE /* SchemeLauncher WatchKit Extension */ = {
			isa = PBXGroup;
			children = (
				C64BECED23555CB1004D17FE /* InterfaceController.swift */,
				C64BECEF23555CB1004D17FE /* ExtensionDelegate.swift */,
				C64BECF123555CB1004D17FE /* ComplicationController.swift */,
				C64BECF323555CB1004D17FE /* Assets.xcassets */,
				C64BECF523555CB1004D17FE /* Info.plist */,
			);
			path = "SchemeLauncher WatchKit Extension";
			sourceTree = "<group>";
		};
/* End PBXGroup section */

/* Begin PBXNativeTarget section */
		C64BECD423555CAE004D17FE /* SchemeLauncher */ = {
			isa = PBXNativeTarget;
			buildConfigurationList = C64BED0023555CB1004D17FE /* Build configuration list for PBXNativeTarget "SchemeLauncher" */;
			buildPhases = (
				C64BECD323555CAE004D17FE /* Resources */,
				C64BECFF23555CB1004D17FE /* Embed Watch Content */,
			);
			buildRules = (
			);
			dependencies = (
				C64BECDC23555CAE004D17FE /* PBXTargetDependency */,
			);
			name = SchemeLauncher;
			productName = SchemeLauncher;
			productReference = C64BECD523555CAE004D17FE /* SchemeLauncher.app */;
			productType = "com.apple.product-type.application.watchapp2-container";
		};
		C64BECD823555CAE004D17FE /* SchemeLauncher WatchKit App */ = {
			isa = PBXNativeTarget;
			buildConfigurationList = C64BECFC23555CB1004D17FE /* Build configuration list for PBXNativeTarget "SchemeLauncher WatchKit App" */;
			buildPhases = (
				C64BECD723555CAE004D17FE /* Resources */,
				C64BECFB23555CB1004D17FE /* Embed App Extensions */,
			);
			buildRules = (
			);
			dependencies = (
				C64BECEB23555CB1004D17FE /* PBXTargetDependency */,
			);
			name = "SchemeLauncher WatchKit App";
			productName = "SchemeLauncher WatchKit App";
			productReference = C64BECD923555CAE004D17FE /* Wallet launcher.app */;
			productType = "com.apple.product-type.application.watchapp2";
		};
		C64BECE723555CB1004D17FE /* SchemeLauncher WatchKit Extension */ = {
			isa = PBXNativeTarget;
			buildConfigurationList = C64BECF823555CB1004D17FE /* Build configuration list for PBXNativeTarget "SchemeLauncher WatchKit Extension" */;
			buildPhases = (
				C64BECE423555CB1004D17FE /* Sources */,
				C64BECE523555CB1004D17FE /* Frameworks */,
				C64BECE623555CB1004D17FE /* Resources */,
			);
			buildRules = (
			);
			dependencies = (
			);
			name = "SchemeLauncher WatchKit Extension";
			productName = "SchemeLauncher WatchKit Extension";
			productReference = C64BECE823555CB1004D17FE /* SchemeLauncher WatchKit Extension.appex */;
			productType = "com.apple.product-type.watchkit2-extension";
		};
/* End PBXNativeTarget section */

/* Begin PBXProject section */
		C64BECCF23555CAD004D17FE /* Project object */ = {
			isa = PBXProject;
			attributes = {
				LastSwiftUpdateCheck = 1110;
				LastUpgradeCheck = 1110;
				ORGANIZATIONNAME = SL;
				TargetAttributes = {
					C64BECD423555CAE004D17FE = {
						CreatedOnToolsVersion = 11.1;
					};
					C64BECD823555CAE004D17FE = {
						CreatedOnToolsVersion = 11.1;
					};
					C64BECE723555CB1004D17FE = {
						CreatedOnToolsVersion = 11.1;
					};
				};
			};
			buildConfigurationList = C64BECD223555CAE004D17FE /* Build configuration list for PBXProject "SchemeLauncher" */;
			compatibilityVersion = "Xcode 9.3";
			developmentRegion = en;
			hasScannedForEncodings = 0;
			knownRegions = (
				en,
				Base,
			);
			mainGroup = C64BECCE23555CAD004D17FE;
			productRefGroup = C64BECD623555CAE004D17FE /* Products */;
			projectDirPath = "";
			projectRoot = "";
			targets = (
				C64BECD423555CAE004D17FE /* SchemeLauncher */,
				C64BECD823555CAE004D17FE /* SchemeLauncher WatchKit App */,
				C64BECE723555CB1004D17FE /* SchemeLauncher WatchKit Extension */,
			);
		};
/* End PBXProject section */

/* Begin PBXResourcesBuildPhase section */
		C64BECD323555CAE004D17FE /* Resources */ = {
			isa = PBXResourcesBuildPhase;
			buildActionMask = 2147483647;
			files = (
			);
			runOnlyForDeploymentPostprocessing = 0;
		};
		C64BECD723555CAE004D17FE /* Resources */ = {
			isa = PBXResourcesBuildPhase;
			buildActionMask = 2147483647;
			files = (
				C64BECE223555CB0004D17FE /* Assets.xcassets in Resources */,
				C64BECE023555CAE004D17FE /* Interface.storyboard in Resources */,
			);
			runOnlyForDeploymentPostprocessing = 0;
		};
		C64BECE623555CB1004D17FE /* Resources */ = {
			isa = PBXResourcesBuildPhase;
			buildActionMask = 2147483647;
			files = (
				C64BECF423555CB1004D17FE /* Assets.xcassets in Resources */,
			);
			runOnlyForDeploymentPostprocessing = 0;
		};
/* End PBXResourcesBuildPhase section */

/* Begin PBXSourcesBuildPhase section */
		C64BECE423555CB1004D17FE /* Sources */ = {
			isa = PBXSourcesBuildPhase;
			buildActionMask = 2147483647;
			files = (
				C64BECF023555CB1004D17FE /* ExtensionDelegate.swift in Sources */,
				C64BECEE23555CB1004D17FE /* InterfaceController.swift in Sources */,
				C64BECF223555CB1004D17FE /* ComplicationController.swift in Sources */,
			);
			runOnlyForDeploymentPostprocessing = 0;
		};
/* End PBXSourcesBuildPhase section */

/* Begin PBXTargetDependency section */
		C64BECDC23555CAE004D17FE /* PBXTargetDependency */ = {
			isa = PBXTargetDependency;
			target = C64BECD823555CAE004D17FE /* SchemeLauncher WatchKit App */;
			targetProxy = C64BECDB23555CAE004D17FE /* PBXContainerItemProxy */;
		};
		C64BECEB23555CB1004D17FE /* PBXTargetDependency */ = {
			isa = PBXTargetDependency;
			target = C64BECE723555CB1004D17FE /* SchemeLauncher WatchKit Extension */;
			targetProxy = C64BECEA23555CB1004D17FE /* PBXContainerItemProxy */;
		};
/* End PBXTargetDependency section */

/* Begin PBXVariantGroup section */
		C64BECDE23555CAE004D17FE /* Interface.storyboard */ = {
			isa = PBXVariantGroup;
			children = (
				C64BECDF23555CAE004D17FE /* Base */,
			);
			name = Interface.storyboard;
			sourceTree = "<group>";
		};
/* End PBXVariantGroup section */

/* Begin XCBuildConfiguration section */
		C64BECF623555CB1004D17FE /* Debug */ = {
			isa = XCBuildConfiguration;
			buildSettings = {
				ALWAYS_SEARCH_USER_PATHS = NO;
				CLANG_ANALYZER_NONNULL = YES;
				CLANG_ANALYZER_NUMBER_OBJECT_CONVERSION = YES_AGGRESSIVE;
				CLANG_CXX_LANGUAGE_STANDARD = "gnu++14";
				CLANG_CXX_LIBRARY = "libc++";
				CLANG_ENABLE_MODULES = YES;
				CLANG_ENABLE_OBJC_ARC = YES;
				CLANG_ENABLE_OBJC_WEAK = YES;
				CLANG_WARN_BLOCK_CAPTURE_AUTORELEASING = YES;
				CLANG_WARN_BOOL_CONVERSION = YES;
				CLANG_WARN_COMMA = YES;
				CLANG_WARN_CONSTANT_CONVERSION = YES;
				CLANG_WARN_DEPRECATED_OBJC_IMPLEMENTATIONS = YES;
				CLANG_WARN_DIRECT_OBJC_ISA_USAGE = YES_ERROR;
				CLANG_WARN_DOCUMENTATION_COMMENTS = YES;
				CLANG_WARN_EMPTY_BODY = YES;
				CLANG_WARN_ENUM_CONVERSION = YES;
				CLANG_WARN_INFINITE_RECURSION = YES;
				CLANG_WARN_INT_CONVERSION = YES;
				CLANG_WARN_NON_LITERAL_NULL_CONVERSION = YES;
				CLANG_WARN_OBJC_IMPLICIT_RETAIN_SELF = YES;
				CLANG_WARN_OBJC_LITERAL_CONVERSION = YES;
				CLANG_WARN_OBJC_ROOT_CLASS = YES_ERROR;
				CLANG_WARN_RANGE_LOOP_ANALYSIS = YES;
				CLANG_WARN_STRICT_PROTOTYPES = YES;
				CLANG_WARN_SUSPICIOUS_MOVE = YES;
				CLANG_WARN_UNGUARDED_AVAILABILITY = YES_AGGRESSIVE;
				CLANG_WARN_UNREACHABLE_CODE = YES;
				CLANG_WARN__DUPLICATE_METHOD_MATCH = YES;
				COPY_PHASE_STRIP = NO;
				DEBUG_INFORMATION_FORMAT = dwarf;
				ENABLE_STRICT_OBJC_MSGSEND = YES;
				ENABLE_TESTABILITY = YES;
				GCC_C_LANGUAGE_STANDARD = gnu11;
				GCC_DYNAMIC_NO_PIC = NO;
				GCC_NO_COMMON_BLOCKS = YES;
				GCC_OPTIMIZATION_LEVEL = 0;
				GCC_PREPROCESSOR_DEFINITIONS = (
					"DEBUG=1",
					"$(inherited)",
				);
				GCC_WARN_64_TO_32_BIT_CONVERSION = YES;
				GCC_WARN_ABOUT_RETURN_TYPE = YES_ERROR;
				GCC_WARN_UNDECLARED_SELECTOR = YES;
				GCC_WARN_UNINITIALIZED_AUTOS = YES_AGGRESSIVE;
				GCC_WARN_UNUSED_FUNCTION = YES;
				GCC_WARN_UNUSED_VARIABLE = YES;
				MTL_ENABLE_DEBUG_INFO = INCLUDE_SOURCE;
				MTL_FAST_MATH = YES;
				ONLY_ACTIVE_ARCH = YES;
				SDKROOT = iphoneos;
				SWIFT_ACTIVE_COMPILATION_CONDITIONS = DEBUG;
				SWIFT_OPTIMIZATION_LEVEL = "-Onone";
			};
			name = Debug;
		};
		C64BECF723555CB1004D17FE /* Release */ = {
			isa = XCBuildConfiguration;
			buildSettings = {
				ALWAYS_SEARCH_USER_PATHS = NO;
				CLANG_ANALYZER_NONNULL = YES;
				CLANG_ANALYZER_NUMBER_OBJECT_CONVERSION = YES_AGGRESSIVE;
				CLANG_CXX_LANGUAGE_STANDARD = "gnu++14";
				CLANG_CXX_LIBRARY = "libc++";
				CLANG_ENABLE_MODULES = YES;
				CLANG_ENABLE_OBJC_ARC = YES;
				CLANG_ENABLE_OBJC_WEAK = YES;
				CLANG_WARN_BLOCK_CAPTURE_AUTORELEASING = YES;
				CLANG_WARN_BOOL_CONVERSION = YES;
				CLANG_WARN_COMMA = YES;
				CLANG_WARN_CONSTANT_CONVERSION = YES;
				CLANG_WARN_DEPRECATED_OBJC_IMPLEMENTATIONS = YES;
				CLANG_WARN_DIRECT_OBJC_ISA_USAGE = YES_ERROR;
				CLANG_WARN_DOCUMENTATION_COMMENTS = YES;
				CLANG_WARN_EMPTY_BODY = YES;
				CLANG_WARN_ENUM_CONVERSION = YES;
				CLANG_WARN_INFINITE_RECURSION = YES;
				CLANG_WARN_INT_CONVERSION = YES;
				CLANG_WARN_NON_LITERAL_NULL_CONVERSION = YES;
				CLANG_WARN_OBJC_IMPLICIT_RETAIN_SELF = YES;
				CLANG_WARN_OBJC_LITERAL_CONVERSION = YES;
				CLANG_WARN_OBJC_ROOT_CLASS = YES_ERROR;
				CLANG_WARN_RANGE_LOOP_ANALYSIS = YES;
				CLANG_WARN_STRICT_PROTOTYPES = YES;
				CLANG_WARN_SUSPICIOUS_MOVE = YES;
				CLANG_WARN_UNGUARDED_AVAILABILITY = YES_AGGRESSIVE;
				CLANG_WARN_UNREACHABLE_CODE = YES;
				CLANG_WARN__DUPLICATE_METHOD_MATCH = YES;
				COPY_PHASE_STRIP = NO;
				DEBUG_INFORMATION_FORMAT = "dwarf-with-dsym";
				ENABLE_NS_ASSERTIONS = NO;
				ENABLE_STRICT_OBJC_MSGSEND = YES;
				GCC_C_LANGUAGE_STANDARD = gnu11;
				GCC_NO_COMMON_BLOCKS = YES;
				GCC_WARN_64_TO_32_BIT_CONVERSION = YES;
				GCC_WARN_ABOUT_RETURN_TYPE = YES_ERROR;
				GCC_WARN_UNDECLARED_SELECTOR = YES;
				GCC_WARN_UNINITIALIZED_AUTOS = YES_AGGRESSIVE;
				GCC_WARN_UNUSED_FUNCTION = YES;
				GCC_WARN_UNUSED_VARIABLE = YES;
				MTL_ENABLE_DEBUG_INFO = NO;
				MTL_FAST_MATH = YES;
				SDKROOT = iphoneos;
				SWIFT_COMPILATION_MODE = wholemodule;
				SWIFT_OPTIMIZATION_LEVEL = "-O";
				VALIDATE_PRODUCT = YES;
			};
			name = Release;
		};
		C64BECF923555CB1004D17FE /* Debug */ = {
			isa = XCBuildConfiguration;
			buildSettings = {
				ASSETCATALOG_COMPILER_COMPLICATION_NAME = Complication;
				CODE_SIGN_STYLE = Automatic;
				DEVELOPMENT_TEAM = 39KT36ZXK5;
				INFOPLIST_FILE = "SchemeLauncher WatchKit Extension/Info.plist";
				LD_RUNPATH_SEARCH_PATHS = (
					"$(inherited)",
					"@executable_path/Frameworks",
					"@executable_path/../../Frameworks",
				);
				PRODUCT_BUNDLE_IDENTIFIER = com.syam64.test.schemelauncher.SchemeLauncher.watchkitapp.watchkitextension;
				PRODUCT_NAME = "${TARGET_NAME}";
				SDKROOT = watchos;
				SKIP_INSTALL = YES;
				SWIFT_VERSION = 5.0;
				TARGETED_DEVICE_FAMILY = 4;
				WATCHOS_DEPLOYMENT_TARGET = 6.0;
			};
			name = Debug;
		};
		C64BECFA23555CB1004D17FE /* Release */ = {
			isa = XCBuildConfiguration;
			buildSettings = {
				ASSETCATALOG_COMPILER_COMPLICATION_NAME = Complication;
				CODE_SIGN_STYLE = Automatic;
				DEVELOPMENT_TEAM = 39KT36ZXK5;
				INFOPLIST_FILE = "SchemeLauncher WatchKit Extension/Info.plist";
				LD_RUNPATH_SEARCH_PATHS = (
					"$(inherited)",
					"@executable_path/Frameworks",
					"@executable_path/../../Frameworks",
				);
				PRODUCT_BUNDLE_IDENTIFIER = com.syam64.test.schemelauncher.SchemeLauncher.watchkitapp.watchkitextension;
				PRODUCT_NAME = "${TARGET_NAME}";
				SDKROOT = watchos;
				SKIP_INSTALL = YES;
				SWIFT_VERSION = 5.0;
				TARGETED_DEVICE_FAMILY = 4;
				WATCHOS_DEPLOYMENT_TARGET = 6.0;
			};
			name = Release;
		};
		C64BECFD23555CB1004D17FE /* Debug */ = {
			isa = XCBuildConfiguration;
			buildSettings = {
				ALWAYS_EMBED_SWIFT_STANDARD_LIBRARIES = YES;
				ASSETCATALOG_COMPILER_APPICON_NAME = AppIcon;
				CODE_SIGN_STYLE = Automatic;
				DEVELOPMENT_TEAM = 39KT36ZXK5;
				IBSC_MODULE = SchemeLauncher_WatchKit_Extension;
				INFOPLIST_FILE = "SchemeLauncher WatchKit App/Info.plist";
				PRODUCT_BUNDLE_IDENTIFIER = com.syam64.test.schemelauncher.SchemeLauncher.watchkitapp;
				PRODUCT_NAME = "Wallet launcher";
				SDKROOT = watchos;
				SKIP_INSTALL = YES;
				SWIFT_VERSION = 5.0;
				TARGETED_DEVICE_FAMILY = 4;
				WATCHOS_DEPLOYMENT_TARGET = 6.0;
			};
			name = Debug;
		};
		C64BECFE23555CB1004D17FE /* Release */ = {
			isa = XCBuildConfiguration;
			buildSettings = {
				ALWAYS_EMBED_SWIFT_STANDARD_LIBRARIES = YES;
				ASSETCATALOG_COMPILER_APPICON_NAME = AppIcon;
				CODE_SIGN_STYLE = Automatic;
				DEVELOPMENT_TEAM = 39KT36ZXK5;
				IBSC_MODULE = SchemeLauncher_WatchKit_Extension;
				INFOPLIST_FILE = "SchemeLauncher WatchKit App/Info.plist";
				PRODUCT_BUNDLE_IDENTIFIER = com.syam64.test.schemelauncher.SchemeLauncher.watchkitapp;
				PRODUCT_NAME = "Wallet launcher";
				SDKROOT = watchos;
				SKIP_INSTALL = YES;
				SWIFT_VERSION = 5.0;
				TARGETED_DEVICE_FAMILY = 4;
				WATCHOS_DEPLOYMENT_TARGET = 6.0;
			};
			name = Release;
		};
		C64BED0123555CB1004D17FE /* Debug */ = {
			isa = XCBuildConfiguration;
			buildSettings = {
				CODE_SIGN_STYLE = Automatic;
				CURRENT_PROJECT_VERSION = 1;
				DEVELOPMENT_TEAM = 39KT36ZXK5;
				MARKETING_VERSION = 1.0;
				PRODUCT_BUNDLE_IDENTIFIER = com.syam64.test.schemelauncher.SchemeLauncher;
				PRODUCT_NAME = "$(TARGET_NAME)";
				SWIFT_VERSION = 5.0;
			};
			name = Debug;
		};
		C64BED0223555CB1004D17FE /* Release */ = {
			isa = XCBuildConfiguration;
			buildSettings = {
				CODE_SIGN_STYLE = Automatic;
				CURRENT_PROJECT_VERSION = 1;
				DEVELOPMENT_TEAM = 39KT36ZXK5;
				MARKETING_VERSION = 1.0;
				PRODUCT_BUNDLE_IDENTIFIER = com.syam64.test.schemelauncher.SchemeLauncher;
				PRODUCT_NAME = "$(TARGET_NAME)";
				SWIFT_VERSION = 5.0;
			};
			name = Release;
		};
/* End XCBuildConfiguration section */

/* Begin XCConfigurationList section */
		C64BECD223555CAE004D17FE /* Build configuration list for PBXProject "SchemeLauncher" */ = {
			isa = XCConfigurationList;
			buildConfigurations = (
				C64BECF623555CB1004D17FE /* Debug */,
				C64BECF723555CB1004D17FE /* Release */,
			);
			defaultConfigurationIsVisible = 0;
			defaultConfigurationName = Release;
		};
		C64BECF823555CB1004D17FE /* Build configuration list for PBXNativeTarget "SchemeLauncher WatchKit Extension" */ = {
			isa = XCConfigurationList;
			buildConfigurations = (
				C64BECF923555CB1004D17FE /* Debug */,
				C64BECFA23555CB1004D17FE /* Release */,
			);
			defaultConfigurationIsVisible = 0;
			defaultConfigurationName = Release;
		};
		C64BECFC23555CB1004D17FE /* Build configuration list for PBXNativeTarget "SchemeLauncher WatchKit App" */ = {
			isa = XCConfigurationList;
			buildConfigurations = (
				C64BECFD23555CB1004D17FE /* Debug */,
				C64BECFE23555CB1004D17FE /* Release */,
			);
			defaultConfigurationIsVisible = 0;
			defaultConfigurationName = Release;
		};
		C64BED0023555CB1004D17FE /* Build configuration list for PBXNativeTarget "SchemeLauncher" */ = {
			isa = XCConfigurationList;
			buildConfigurations = (
				C64BED0123555CB1004D17FE /* Debug */,
				C64BED0223555CB1004D17FE /* Release */,
			);
			defaultConfigurationIsVisible = 0;
			defaultConfigurationName = Release;
		};
/* End XCConfigurationList section */
	};
	rootObject = C64BECCF23555CAD004D17FE /* Project object */;
}
